{
  "name": "mega-demo-app",
  "version": "1.0.0",
  "lockfileVersion": 3,
  "packages": {
    "": {
      "name": "mega-demo-app",
      "version": "1.0.0",
      "dependencies": {
        "express": "4.18.2",
        "react": "17.0.2",
        "lodash": "4.17.19",
        "minimatch": "3.0.4",
        "axios": "0.21.1",
        "chalk": "4.1.0"
      }
    },

    "node_modules/express": {
      "version": "4.18.2",
      "dependencies": {
        "body-parser": "1.20.1",
        "qs": "6.5.2",
        "debug": "2.6.9"
      }
    },
    "node_modules/body-parser": {
      "version": "1.20.1",
      "dependencies": {
        "lodash": "4.17.19"
      }
    },
    "node_modules/qs": {
      "version": "6.5.2",
      "dependencies": {
        "lodash": "4.17.19"
      }
    },
    "node_modules/debug": {
      "version": "2.6.9",
      "dependencies": {
        "ms": "2.0.0"
      }
    },
    "node_modules/ms": {
      "version": "2.0.0"
    },

    "node_modules/react": {
      "version": "17.0.2",
      "dependencies": {
        "loose-envify": "1.4.0",
        "object-assign": "4.1.1"
      }
    },
    "node_modules/loose-envify": {
      "version": "1.4.0",
      "dependencies": {
        "js-tokens": "4.0.0"
      }
    },
    "node_modules/object-assign": {
      "version": "4.1.1"
    },
    "node_modules/js-tokens": {
      "version": "4.0.0"
    },

    "node_modules/lodash": {
      "version": "4.17.19"
    },

    "node_modules/minimatch": {
      "version": "3.0.4",
      "dependencies": {
        "brace-expansion": "1.1.8"
      }
    },
    "node_modules/brace-expansion": {
      "version": "1.1.8",
      "dependencies": {
        "balanced-match": "1.0.0",
        "concat-map": "0.0.1"
      }
    },
    "node_modules/balanced-match": {
      "version": "1.0.0"
    },
    "node_modules/concat-map": {
      "version": "0.0.1"
    },

    "node_modules/axios": {
      "version": "0.21.1",
      "dependencies": {
        "follow-redirects": "1.13.1"
      }
    },
    "node_modules/follow-redirects": {
      "version": "1.13.1",
      "dependencies": {
        "debug": "2.6.9"
      }
    },

    "node_modules/chalk": {
      "version": "4.1.0",
      "dependencies": {
        "ansi-styles": "4.2.1",
        "supports-color": "7.1.0"
      }
    },
    "node_modules/ansi-styles": {
      "version": "4.2.1",
      "dependencies": {
        "color-convert": "2.0.1"
      }
    },
    "node_modules/color-convert": {
      "version": "2.0.1",
      "dependencies": {
        "color-name": "1.1.4"
      }
    },
    "node_modules/color-name": {
      "version": "1.1.4"
    },
    "node_modules/supports-color": {
      "version": "7.1.0",
      "dependencies": {
        "has-flag": "4.0.0"
      }
    },
    "node_modules/has-flag": {
      "version": "4.0.0"
    }
  }
}
